
Microsoft Visual Studio Solution File, Format Version 12.00
# Visual Studio Version 16
VisualStudioVersion = 16.0.31229.75
MinimumVisualStudioVersion = 10.0.40219.1
Project("{FAE04EC0-301F-11D3-BF4B-00C04F79EFBC}") = "ByeMed", "ByeMed.csproj", "{B38E363E-4229-4574-B11C-30E4883DBF0D}"
EndProject
Global
	GlobalSection(SolutionConfigurationPlatforms) = preSolution
		Debug|Any CPU = Debug|Any CPU
		Release|Any CPU = Release|Any CPU
	EndGlobalSection
	GlobalSection(ProjectConfigurationPlatforms) = postSolution
		{B38E363E-4229-4574-B11C-30E4883DBF0D}.Debug|Any CPU.ActiveCfg = Debug|Any CPU
		{B38E363E-4229-4574-B11C-30E4883DBF0D}.Debug|Any CPU.Build.0 = Debug|Any CPU
		{B38E363E-4229-4574-B11C-30E4883DBF0D}.Release|Any CPU.ActiveCfg = Release|Any CPU
		{B38E363E-4229-4574-B11C-30E4883DBF0D}.Release|Any CPU.Build.0 = Release|Any CPU
	EndGlobalSection
	GlobalSection(SolutionProperties) = preSolution
		HideSolutionNode = FALSE
	EndGlobalSection
	GlobalSection(ExtensibilityGlobals) = postSolution
		SolutionGuid = {518CB9B9-0146-4A8C-9B0C-D989C38F0C42}
	EndGlobalSection
EndGlobal
